// !$*UTF8*$!
{
	archiveVersion = 1;
	classes = {
	};
	objectVersion = 110;
	objects = {

/* Begin PBXContainerItemProxy section */
		D14BC898305BC5DB00B47B21 /* PBXContainerItemProxy */ = {
			isa = PBXContainerItemProxy;
			containerPortal = D14BC882305BC5DA00B47B21 /* Project object */;
			proxyType = 1;
			remoteGlobalIDString = D14BC889305BC5DA00B47B21;
			remoteInfo = SuperMinimalTools;
		};
		D14BC8A2305BC5DB00B47B21 /* PBXContainerItemProxy */ = {
			isa = PBXContainerItemProxy;
			containerPortal = D14BC882305BC5DA00B47B21 /* Project object */;
			proxyType = 1;
			remoteGlobalIDString = D14BC889305BC5DA00B47B21;
			remoteInfo = SuperMinimalTools;
		};
/* End PBXContainerItemProxy section */

/* Begin PBXFileReference section */
		D14BC88A305BC5DA00B47B21 /* SuperMinimalTools.app */ = {isa = PBXFileReference; explicitFileType = wrapper.application; includeInIndex = 0; path = SuperMinimalTools.app; sourceTree = BUILT_PRODUCTS_DIR; };
		D14BC897305BC5DB00B47B21 /* SuperMinimalToolsTests.xctest */ = {isa = PBXFileReference; explicitFileType = wrapper.cfbundle; includeInIndex = 0; path = SuperMinimalToolsTests.xctest; sourceTree = BUILT_PRODUCTS_DIR; };
		D14BC8A1305BC5DB00B47B21 /* SuperMinimalToolsUITests.xctest */ = {isa = PBXFileReference; explicitFileType = wrapper.cfbundle; includeInIndex = 0; path = SuperMinimalToolsUITests.xctest; sourceTree = BUILT_PRODUCTS_DIR; };
/* End PBXFileReference section */

/* Begin PBXFileSystemSynchronizedRootGroup section */
		D14BC88C305BC5DA00B47B21 /* SuperMinimalTools */ = {
			isa = PBXFileSystemSynchronizedRootGroup;
			path = SuperMinimalTools;
			sourceTree = "<group>";
		};
		D14BC89A305BC5DB00B47B21 /* SuperMinimalToolsTests */ = {
			isa = PBXFileSystemSynchronizedRootGroup;
			path = SuperMinimalToolsTests;
			sourceTree = "<group>";
		};
		D14BC8A4305BC5DB00B47B21 /* SuperMinimalToolsUITests */ = {
			isa = PBXFileSystemSynchronizedRootGroup;
			path = SuperMinimalToolsUITests;
			sourceTree = "<group>";
		};
/* End PBXFileSystemSynchronizedRootGroup section */

/* Begin PBXFrameworksBuildPhase section */
		D14BC887305BC5DA00B47B21 /* Frameworks */ = {
			isa = PBXFrameworksBuildPhase;
			files = (
			);
		};
		D14BC894305BC5DB00B47B21 /* Frameworks */ = {
			isa = PBXFrameworksBuildPhase;
			files = (
			);
		};
		D14BC89E305BC5DB00B47B21 /* Frameworks */ = {
			isa = PBXFrameworksBuildPhase;
			files = (
			);
		};
/* End PBXFrameworksBuildPhase section */

/* Begin PBXGroup section */
		D14BC881305BC5DA00B47B21 = {
			isa = PBXGroup;
			children = (
				D14BC88C305BC5DA00B47B21 /* SuperMinimalTools */,
				D14BC89A305BC5DB00B47B21 /* SuperMinimalToolsTests */,
				D14BC8A4305BC5DB00B47B21 /* SuperMinimalToolsUITests */,
				D14BC88B305BC5DA00B47B21 /* Products */,
			);
			sourceTree = "<group>";
		};
		D14BC88B305BC5DA00B47B21 /* Products */ = {
			isa = PBXGroup;
			children = (
				D14BC88A305BC5DA00B47B21 /* SuperMinimalTools.app */,
				D14BC897305BC5DB00B47B21 /* SuperMinimalToolsTests.xctest */,
				D14BC8A1305BC5DB00B47B21 /* SuperMinimalToolsUITests.xctest */,
			);
			name = Products;
			sourceTree = "<group>";
		};
/* End PBXGroup section */

/* Begin PBXNativeTarget section */
		D14BC889305BC5DA00B47B21 /* SuperMinimalTools */ = {
			isa = PBXNativeTarget;
			buildConfigurationList = D14BC8A9305BC5DB00B47B21 /* Build configuration list for PBXNativeTarget "SuperMinimalTools" */;
			buildPhases = (
				D14BC886305BC5DA00B47B21 /* Sources */,
				D14BC887305BC5DA00B47B21 /* Frameworks */,
				D14BC888305BC5DA00B47B21 /* Resources */,
			);
			buildRules = (
			);
			fileSystemSynchronizedGroups = (
				D14BC88C305BC5DA00B47B21 /* SuperMinimalTools */,
			);
			name = SuperMinimalTools;
			productName = SuperMinimalTools;
			productReference = D14BC88A305BC5DA00B47B21 /* SuperMinimalTools.app */;
			productType = "com.apple.product-type.application";
		};
		D14BC896305BC5DB00B47B21 /* SuperMinimalToolsTests */ = {
			isa = PBXNativeTarget;
			buildConfigurationList = D14BC8AC305BC5DB00B47B21 /* Build configuration list for PBXNativeTarget "SuperMinimalToolsTests" */;
			buildPhases = (
				D14BC893305BC5DB00B47B21 /* Sources */,
				D14BC894305BC5DB00B47B21 /* Frameworks */,
				D14BC895305BC5DB00B47B21 /* Resources */,
			);
			buildRules = (
			);
			dependencies = (
				D14BC899305BC5DB00B47B21 /* PBXTargetDependency */,
			);
			fileSystemSynchronizedGroups = (
				D14BC89A305BC5DB00B47B21 /* SuperMinimalToolsTests */,
			);
			name = SuperMinimalToolsTests;
			productName = SuperMinimalToolsTests;
			productReference = D14BC897305BC5DB00B47B21 /* SuperMinimalToolsTests.xctest */;
			productType = "com.apple.product-type.bundle.unit-test";
		};
		D14BC8A0305BC5DB00B47B21 /* SuperMinimalToolsUITests */ = {
			isa = PBXNativeTarget;
			buildConfigurationList = D14BC8AF305BC5DB00B47B21 /* Build configuration list for PBXNativeTarget "SuperMinimalToolsUITests" */;
			buildPhases = (
				D14BC89D305BC5DB00B47B21 /* Sources */,
				D14BC89E305BC5DB00B47B21 /* Frameworks */,
				D14BC89F305BC5DB00B47B21 /* Resources */,
			);
			buildRules = (
			);
			dependencies = (
				D14BC8A3305BC5DB00B47B21 /* PBXTargetDependency */,
			);
			fileSystemSynchronizedGroups = (
				D14BC8A4305BC5DB00B47B21 /* SuperMinimalToolsUITests */,
			);
			name = SuperMinimalToolsUITests;
			productName = SuperMinimalToolsUITests;
			productReference = D14BC8A1305BC5DB00B47B21 /* SuperMinimalToolsUITests.xctest */;
			productType = "com.apple.product-type.bundle.ui-testing";
		};
/* End PBXNativeTarget section */

/* Begin PBXProject section */
		D14BC882305BC5DA00B47B21 /* Project object */ = {
			isa = PBXProject;
			attributes = {
				BuildIndependentTargetsInParallel = 1;
				LastSwiftUpdateCheck = 2700;
				LastUpgradeCheck = 2700;
				TargetAttributes = {
					D14BC889305BC5DA00B47B21 = {
						CreatedOnToolsVersion = 27.0;
					};
					D14BC896305BC5DB00B47B21 = {
						CreatedOnToolsVersion = 27.0;
						TestTargetID = D14BC889305BC5DA00B47B21;
					};
					D14BC8A0305BC5DB00B47B21 = {
						CreatedOnToolsVersion = 27.0;
						TestTargetID = D14BC889305BC5DA00B47B21;
					};
				};
			};
			buildConfigurationList = D14BC885305BC5DA00B47B21 /* Build configuration list for PBXProject "SuperMinimalTools" */;
			developmentRegion = en;
			hasScannedForEncodings = 0;
			knownRegions = (
				en,
				Base,
			);
			mainGroup = D14BC881305BC5DA00B47B21;
			minimizedProjectReferenceProxies = 1;
			preferredProjectObjectVersion = 77;
			productRefGroup = D14BC88B305BC5DA00B47B21 /* Products */;
			projectDirPath = "";
			projectRoot = "";
			targets = (
				D14BC889305BC5DA00B47B21 /* SuperMinimalTools */,
				D14BC896305BC5DB00B47B21 /* SuperMinimalToolsTests */,
				D14BC8A0305BC5DB00B47B21 /* SuperMinimalToolsUITests */,
			);
		};
/* End PBXProject section */

/* Begin PBXResourcesBuildPhase section */
		D14BC888305BC5DA00B47B21 /* Resources */ = {
			isa = PBXResourcesBuildPhase;
			files = (
			);
		};
		D14BC895305BC5DB00B47B21 /* Resources */ = {
			isa = PBXResourcesBuildPhase;
			files = (
			);
		};
		D14BC89F305BC5DB00B47B21 /* Resources */ = {
			isa = PBXResourcesBuildPhase;
			files = (
			);
		};
/* End PBXResourcesBuildPhase section */

/* Begin PBXSourcesBuildPhase section */
		D14BC886305BC5DA00B47B21 /* Sources */ = {
			isa = PBXSourcesBuildPhase;
			files = (
			);
		};
		D14BC893305BC5DB00B47B21 /* Sources */ = {
			isa = PBXSourcesBuildPhase;
			files = (
			);
		};
		D14BC89D305BC5DB00B47B21 /* Sources */ = {
			isa = PBXSourcesBuildPhase;
			files = (
			);
		};
/* End PBXSourcesBuildPhase section */

/* Begin PBXTargetDependency section */
		D14BC899305BC5DB00B47B21 /* PBXTargetDependency */ = {
			isa = PBXTargetDependency;
			target = D14BC889305BC5DA00B47B21 /* SuperMinimalTools */;
			targetProxy = D14BC898305BC5DB00B47B21 /* PBXContainerItemProxy */;
		};
		D14BC8A3305BC5DB00B47B21 /* PBXTargetDependency */ = {
			isa = PBXTargetDependency;
			target = D14BC889305BC5DA00B47B21 /* SuperMinimalTools */;
			targetProxy = D14BC8A2305BC5DB00B47B21 /* PBXContainerItemProxy */;
		};
/* End PBXTargetDependency section */

/* Begin XCBuildConfiguration section */
		D14BC8A7305BC5DB00B47B21 /* Debug configuration for PBXProject "SuperMinimalTools" */ = {
			isa = XCBuildConfiguration;
			buildSettings = {
				ALWAYS_SEARCH_USER_PATHS = NO;
				ASSETCATALOG_COMPILER_GENERATE_SWIFT_ASSET_SYMBOL_EXTENSIONS = YES;
				CLANG_ANALYZER_NONNULL = YES;
				CLANG_ANALYZER_NUMBER_OBJECT_CONVERSION = YES_AGGRESSIVE;
				CLANG_CXX_LANGUAGE_STANDARD = "gnu++20";
				CLANG_ENABLE_MODULES = YES;
				CLANG_ENABLE_OBJC_ARC = YES;
				CLANG_ENABLE_OBJC_WEAK = YES;
				CLANG_WARN_BLOCK_CAPTURE_AUTORELEASING = YES;
				CLANG_WARN_BOOL_CONVERSION = YES;
				CLANG_WARN_COMMA = YES;
				CLANG_WARN_CONSTANT_CONVERSION = YES;
				CLANG_WARN_DEPRECATED_OBJC_IMPLEMENTATIONS = YES;
				CLANG_WARN_DIRECT_OBJC_ISA_USAGE = YES_ERROR;
				CLANG_WARN_DOCUMENTATION_COMMENTS = YES;
				CLANG_WARN_EMPTY_BODY = YES;
				CLANG_WARN_ENUM_CONVERSION = YES;
				CLANG_WARN_INFINITE_RECURSION = YES;
				CLANG_WARN_INT_CONVERSION = YES;
				CLANG_WARN_NON_LITERAL_NULL_CONVERSION = YES;
				CLANG_WARN_OBJC_IMPLICIT_RETAIN_SELF = YES;
				CLANG_WARN_OBJC_LITERAL_CONVERSION = YES;
				CLANG_WARN_OBJC_ROOT_CLASS = YES_ERROR;
				CLANG_WARN_QUOTED_INCLUDE_IN_FRAMEWORK_HEADER = YES;
				CLANG_WARN_RANGE_LOOP_ANALYSIS = YES;
				CLANG_WARN_STRICT_PROTOTYPES = YES;
				CLANG_WARN_SUSPICIOUS_MOVE = YES;
				CLANG_WARN_UNGUARDED_AVAILABILITY = YES_AGGRESSIVE;
				CLANG_WARN_UNREACHABLE_CODE = YES;
				CLANG_WARN__DUPLICATE_METHOD_MATCH = YES;
				COPY_PHASE_STRIP = NO;
				DEBUG_INFORMATION_FORMAT = dwarf;
				DEVELOPMENT_TEAM = K6GZTHQ9Z5;
				ENABLE_STRICT_OBJC_MSGSEND = YES;
				ENABLE_TESTABILITY = YES;
				ENABLE_USER_SCRIPT_SANDBOXING = YES;
				GCC_C_LANGUAGE_STANDARD = gnu17;
				GCC_DYNAMIC_NO_PIC = NO;
				GCC_NO_COMMON_BLOCKS = YES;
				GCC_OPTIMIZATION_LEVEL = 0;
				GCC_PREPROCESSOR_DEFINITIONS = (
					"DEBUG=1",
					"$(inherited)",
				);
				GCC_WARN_64_TO_32_BIT_CONVERSION = YES;
				GCC_WARN_ABOUT_RETURN_TYPE = YES_ERROR;
				GCC_WARN_UNDECLARED_SELECTOR = YES;
				GCC_WARN_UNINITIALIZED_AUTOS = YES_AGGRESSIVE;
				GCC_WARN_UNUSED_FUNCTION = YES;
				GCC_WARN_UNUSED_VARIABLE = YES;
				LOCALIZATION_PREFERS_STRING_CATALOGS = YES;
				MACOSX_DEPLOYMENT_TARGET = 27.0;
				MTL_ENABLE_DEBUG_INFO = INCLUDE_SOURCE;
				MTL_FAST_MATH = YES;
				ONLY_ACTIVE_ARCH = YES;
				SDKROOT = macosx;
				SWIFT_ACTIVE_COMPILATION_CONDITIONS = "DEBUG $(inherited)";
				SWIFT_OPTIMIZATION_LEVEL = "-Onone";
			};
			name = Debug;
		};
		D14BC8A8305BC5DB00B47B21 /* Release configuration for PBXProject "SuperMinimalTools" */ = {
			isa = XCBuildConfiguration;
			buildSettings = {
				ALWAYS_SEARCH_USER_PATHS = NO;
				ASSETCATALOG_COMPILER_GENERATE_SWIFT_ASSET_SYMBOL_EXTENSIONS = YES;
				CLANG_ANALYZER_NONNULL = YES;
				CLANG_ANALYZER_NUMBER_OBJECT_CONVERSION = YES_AGGRESSIVE;
				CLANG_CXX_LANGUAGE_STANDARD = "gnu++20";
				CLANG_ENABLE_MODULES = YES;
				CLANG_ENABLE_OBJC_ARC = YES;
				CLANG_ENABLE_OBJC_WEAK = YES;
				CLANG_WARN_BLOCK_CAPTURE_AUTORELEASING = YES;
				CLANG_WARN_BOOL_CONVERSION = YES;
				CLANG_WARN_COMMA = YES;
				CLANG_WARN_CONSTANT_CONVERSION = YES;
				CLANG_WARN_DEPRECATED_OBJC_IMPLEMENTATIONS = YES;
				CLANG_WARN_DIRECT_OBJC_ISA_USAGE = YES_ERROR;
				CLANG_WARN_DOCUMENTATION_COMMENTS = YES;
				CLANG_WARN_EMPTY_BODY = YES;
				CLANG_WARN_ENUM_CONVERSION = YES;
				CLANG_WARN_INFINITE_RECURSION = YES;
				CLANG_WARN_INT_CONVERSION = YES;
				CLANG_WARN_NON_LITERAL_NULL_CONVERSION = YES;
				CLANG_WARN_OBJC_IMPLICIT_RETAIN_SELF = YES;
				CLANG_WARN_OBJC_LITERAL_CONVERSION = YES;
				CLANG_WARN_OBJC_ROOT_CLASS = YES_ERROR;
				CLANG_WARN_QUOTED_INCLUDE_IN_FRAMEWORK_HEADER = YES;
				CLANG_WARN_RANGE_LOOP_ANALYSIS = YES;
				CLANG_WARN_STRICT_PROTOTYPES = YES;
				CLANG_WARN_SUSPICIOUS_MOVE = YES;
				CLANG_WARN_UNGUARDED_AVAILABILITY = YES_AGGRESSIVE;
				CLANG_WARN_UNREACHABLE_CODE = YES;
				CLANG_WARN__DUPLICATE_METHOD_MATCH = YES;
				COPY_PHASE_STRIP = NO;
				DEBUG_INFORMATION_FORMAT = "dwarf-with-dsym";
				DEVELOPMENT_TEAM = K6GZTHQ9Z5;
				ENABLE_NS_ASSERTIONS = NO;
				ENABLE_STRICT_OBJC_MSGSEND = YES;
				ENABLE_USER_SCRIPT_SANDBOXING = YES;
				GCC_C_LANGUAGE_STANDARD = gnu17;
				GCC_NO_COMMON_BLOCKS = YES;
				GCC_WARN_64_TO_32_BIT_CONVERSION = YES;
				GCC_WARN_ABOUT_RETURN_TYPE = YES_ERROR;
				GCC_WARN_UNDECLARED_SELECTOR = YES;
				GCC_WARN_UNINITIALIZED_AUTOS = YES_AGGRESSIVE;
				GCC_WARN_UNUSED_FUNCTION = YES;
				GCC_WARN_UNUSED_VARIABLE = YES;
				LOCALIZATION_PREFERS_STRING_CATALOGS = YES;
				MACOSX_DEPLOYMENT_TARGET = 27.0;
				MTL_ENABLE_DEBUG_INFO = NO;
				MTL_FAST_MATH = YES;
				SDKROOT = macosx;
				SWIFT_COMPILATION_MODE = wholemodule;
			};
			name = Release;
		};
		D14BC8AA305BC5DB00B47B21 /* Debug configuration for PBXNativeTarget "SuperMinimalTools" */ = {
			isa = XCBuildConfiguration;
			buildSettings = {
				ASSETCATALOG_COMPILER_APPICON_NAME = AppIcon;
				ASSETCATALOG_COMPILER_GLOBAL_ACCENT_COLOR_NAME = AccentColor;
				CODE_SIGN_STYLE = Automatic;
				COMBINE_HIDPI_IMAGES = YES;
				CURRENT_PROJECT_VERSION = 1;
				DEVELOPMENT_TEAM = K6GZTHQ9Z5;
				ENABLE_APP_SANDBOX = YES;
				ENABLE_HARDENED_RUNTIME = YES;
				ENABLE_PREVIEWS = YES;
				ENABLE_USER_SELECTED_FILES = readonly;
				GENERATE_INFOPLIST_FILE = YES;
				INFOPLIST_KEY_NSHumanReadableCopyright = "";
				LD_RUNPATH_SEARCH_PATHS = (
					"$(inherited)",
					"@executable_path/../Frameworks",
				);
				MARKETING_VERSION = 1.0;
				PRODUCT_BUNDLE_IDENTIFIER = com.boolery.SuperMinimalTools;
				PRODUCT_NAME = "$(TARGET_NAME)";
				REGISTER_APP_GROUPS = YES;
				STRING_CATALOG_GENERATE_SYMBOLS = YES;
				SWIFT_APPROACHABLE_CONCURRENCY = YES;
				SWIFT_DEFAULT_ACTOR_ISOLATION = MainActor;
				SWIFT_EMIT_LOC_STRINGS = YES;
				SWIFT_UPCOMING_FEATURE_MEMBER_IMPORT_VISIBILITY = YES;
				SWIFT_VERSION = 5.0;
			};
			name = Debug;
		};
		D14BC8AB305BC5DB00B47B21 /* Release configuration for PBXNativeTarget "SuperMinimalTools" */ = {
			isa = XCBuildConfiguration;
			buildSettings = {
				ASSETCATALOG_COMPILER_APPICON_NAME = AppIcon;
				ASSETCATALOG_COMPILER_GLOBAL_ACCENT_COLOR_NAME = AccentColor;
				CODE_SIGN_STYLE = Automatic;
				COMBINE_HIDPI_IMAGES = YES;
				CURRENT_PROJECT_VERSION = 1;
				DEVELOPMENT_TEAM = K6GZTHQ9Z5;
				ENABLE_APP_SANDBOX = YES;
				ENABLE_HARDENED_RUNTIME = YES;
				ENABLE_PREVIEWS = YES;
				ENABLE_USER_SELECTED_FILES = readonly;
				GENERATE_INFOPLIST_FILE = YES;
				INFOPLIST_KEY_NSHumanReadableCopyright = "";
				LD_RUNPATH_SEARCH_PATHS = (
					"$(inherited)",
					"@executable_path/../Frameworks",
				);
				MARKETING_VERSION = 1.0;
				PRODUCT_BUNDLE_IDENTIFIER = com.boolery.SuperMinimalTools;
				PRODUCT_NAME = "$(TARGET_NAME)";
				REGISTER_APP_GROUPS = YES;
				STRING_CATALOG_GENERATE_SYMBOLS = YES;
				SWIFT_APPROACHABLE_CONCURRENCY = YES;
				SWIFT_DEFAULT_ACTOR_ISOLATION = MainActor;
				SWIFT_EMIT_LOC_STRINGS = YES;
				SWIFT_UPCOMING_FEATURE_MEMBER_IMPORT_VISIBILITY = YES;
				SWIFT_VERSION = 5.0;
			};
			name = Release;
		};
		D14BC8AD305BC5DB00B47B21 /* Debug configuration for PBXNativeTarget "SuperMinimalToolsTests" */ = {
			isa = XCBuildConfiguration;
			buildSettings = {
				BUNDLE_LOADER = "$(TEST_HOST)";
				CODE_SIGN_STYLE = Automatic;
				CURRENT_PROJECT_VERSION = 1;
				DEVELOPMENT_TEAM = K6GZTHQ9Z5;
				GENERATE_INFOPLIST_FILE = YES;
				MACOSX_DEPLOYMENT_TARGET = 27.0;
				MARKETING_VERSION = 1.0;
				PRODUCT_BUNDLE_IDENTIFIER = com.boolery.SuperMinimalToolsTests;
				PRODUCT_NAME = "$(TARGET_NAME)";
				STRING_CATALOG_GENERATE_SYMBOLS = NO;
				SWIFT_APPROACHABLE_CONCURRENCY = YES;
				SWIFT_EMIT_LOC_STRINGS = NO;
				SWIFT_UPCOMING_FEATURE_MEMBER_IMPORT_VISIBILITY = YES;
				SWIFT_VERSION = 5.0;
				TEST_HOST = "$(BUILT_PRODUCTS_DIR)/SuperMinimalTools.app/$(BUNDLE_EXECUTABLE_FOLDER_PATH)/SuperMinimalTools";
			};
			name = Debug;
		};
		D14BC8AE305BC5DB00B47B21 /* Release configuration for PBXNativeTarget "SuperMinimalToolsTests" */ = {
			isa = XCBuildConfiguration;
			buildSettings = {
				BUNDLE_LOADER = "$(TEST_HOST)";
				CODE_SIGN_STYLE = Automatic;
				CURRENT_PROJECT_VERSION = 1;
				DEVELOPMENT_TEAM = K6GZTHQ9Z5;
				GENERATE_INFOPLIST_FILE = YES;
				MACOSX_DEPLOYMENT_TARGET = 27.0;
				MARKETING_VERSION = 1.0;
				PRODUCT_BUNDLE_IDENTIFIER = com.boolery.SuperMinimalToolsTests;
				PRODUCT_NAME = "$(TARGET_NAME)";
				STRING_CATALOG_GENERATE_SYMBOLS = NO;
				SWIFT_APPROACHABLE_CONCURRENCY = YES;
				SWIFT_EMIT_LOC_STRINGS = NO;
				SWIFT_UPCOMING_FEATURE_MEMBER_IMPORT_VISIBILITY = YES;
				SWIFT_VERSION = 5.0;
				TEST_HOST = "$(BUILT_PRODUCTS_DIR)/SuperMinimalTools.app/$(BUNDLE_EXECUTABLE_FOLDER_PATH)/SuperMinimalTools";
			};
			name = Release;
		};
		D14BC8B0305BC5DB00B47B21 /* Debug configuration for PBXNativeTarget "SuperMinimalToolsUITests" */ = {
			isa = XCBuildConfiguration;
			buildSettings = {
				CODE_SIGN_STYLE = Automatic;
				CURRENT_PROJECT_VERSION = 1;
				DEVELOPMENT_TEAM = K6GZTHQ9Z5;
				GENERATE_INFOPLIST_FILE = YES;
				MARKETING_VERSION = 1.0;
				PRODUCT_BUNDLE_IDENTIFIER = com.boolery.SuperMinimalToolsUITests;
				PRODUCT_NAME = "$(TARGET_NAME)";
				STRING_CATALOG_GENERATE_SYMBOLS = NO;
				SWIFT_APPROACHABLE_CONCURRENCY = YES;
				SWIFT_EMIT_LOC_STRINGS = NO;
				SWIFT_UPCOMING_FEATURE_MEMBER_IMPORT_VISIBILITY = YES;
				SWIFT_VERSION = 5.0;
				TEST_TARGET_NAME = SuperMinimalTools;
			};
			name = Debug;
		};
		D14BC8B1305BC5DB00B47B21 /* Release configuration for PBXNativeTarget "SuperMinimalToolsUITests" */ = {
			isa = XCBuildConfiguration;
			buildSettings = {
				CODE_SIGN_STYLE = Automatic;
				CURRENT_PROJECT_VERSION = 1;
				DEVELOPMENT_TEAM = K6GZTHQ9Z5;
				GENERATE_INFOPLIST_FILE = YES;
				MARKETING_VERSION = 1.0;
				PRODUCT_BUNDLE_IDENTIFIER = com.boolery.SuperMinimalToolsUITests;
				PRODUCT_NAME = "$(TARGET_NAME)";
				STRING_CATALOG_GENERATE_SYMBOLS = NO;
				SWIFT_APPROACHABLE_CONCURRENCY = YES;
				SWIFT_EMIT_LOC_STRINGS = NO;
				SWIFT_UPCOMING_FEATURE_MEMBER_IMPORT_VISIBILITY = YES;
				SWIFT_VERSION = 5.0;
				TEST_TARGET_NAME = SuperMinimalTools;
			};
			name = Release;
		};
/* End XCBuildConfiguration section */

/* Begin XCConfigurationList section */
		D14BC885305BC5DA00B47B21 /* Build configuration list for PBXProject "SuperMinimalTools" */ = {
			isa = XCConfigurationList;
			buildConfigurations = (
				D14BC8A7305BC5DB00B47B21 /* Debug configuration for PBXProject "SuperMinimalTools" */,
				D14BC8A8305BC5DB00B47B21 /* Release configuration for PBXProject "SuperMinimalTools" */,
			);
			defaultConfigurationName = Release;
		};
		D14BC8A9305BC5DB00B47B21 /* Build configuration list for PBXNativeTarget "SuperMinimalTools" */ = {
			isa = XCConfigurationList;
			buildConfigurations = (
				D14BC8AA305BC5DB00B47B21 /* Debug configuration for PBXNativeTarget "SuperMinimalTools" */,
				D14BC8AB305BC5DB00B47B21 /* Release configuration for PBXNativeTarget "SuperMinimalTools" */,
			);
			defaultConfigurationName = Release;
		};
		D14BC8AC305BC5DB00B47B21 /* Build configuration list for PBXNativeTarget "SuperMinimalToolsTests" */ = {
			isa = XCConfigurationList;
			buildConfigurations = (
				D14BC8AD305BC5DB00B47B21 /* Debug configuration for PBXNativeTarget "SuperMinimalToolsTests" */,
				D14BC8AE305BC5DB00B47B21 /* Release configuration for PBXNativeTarget "SuperMinimalToolsTests" */,
			);
			defaultConfigurationName = Release;
		};
		D14BC8AF305BC5DB00B47B21 /* Build configuration list for PBXNativeTarget "SuperMinimalToolsUITests" */ = {
			isa = XCConfigurationList;
			buildConfigurations = (
				D14BC8B0305BC5DB00B47B21 /* Debug configuration for PBXNativeTarget "SuperMinimalToolsUITests" */,
				D14BC8B1305BC5DB00B47B21 /* Release configuration for PBXNativeTarget "SuperMinimalToolsUITests" */,
			);
			defaultConfigurationName = Release;
		};
/* End XCConfigurationList section */
	};
	rootObject = D14BC882305BC5DA00B47B21 /* Project object */;
	validationLevel = 1;
}
